
Microsoft Visual Studio Solution File, Format Version 12.00
# Visual Studio Version 17
VisualStudioVersion = 17.5.002.0
MinimumVisualStudioVersion = 10.0.40219.1
Project("{9A19103F-16F7-4668-BE54-9A1E7A4F7556}") = "Core", "Core\Core.csproj", "{02DE636A-41BE-4E17-8F51-C3B2980C7FEE}"
EndProject
Project("{FAE04EC0-301F-11D3-BF4B-00C04F79EFBC}") = "Dal", "Dal\Dal.csproj", "{D21566CB-73C5-4962-ACF6-96E94EC4323C}"
EndProject
Project("{FAE04EC0-301F-11D3-BF4B-00C04F79EFBC}") = "Service", "Service\Service.csproj", "{A43A77A8-30AF-4A21-A03D-6B05A1025759}"
EndProject
Project("{2150E333-8FDC-42A3-9474-1A3956D46DE8}") = "API", "API", "{6E0D3E7A-8663-4631-BD33-7A29AA6844DF}"
EndProject
Project("{2150E333-8FDC-42A3-9474-1A3956D46DE8}") = "microservice", "microservice", "{9172A907-611E-4FFB-9383-9696E0A049DB}"
EndProject
Project("{FAE04EC0-301F-11D3-BF4B-00C04F79EFBC}") = "ClientCRUD", "API\microservice\ClientCRUD\ClientCRUD.csproj", "{84B3A751-C410-4FEF-80A0-143E9C1979DE}"
EndProject
Project("{2150E333-8FDC-42A3-9474-1A3956D46DE8}") = "Getway", "Getway", "{149B289C-25FE-4C35-AF12-DE66DC77E1D6}"
EndProject
Project("{FAE04EC0-301F-11D3-BF4B-00C04F79EFBC}") = "GetWayT", "API\Getway\GetWayT\GetWayT.csproj", "{39F21243-BDEC-41A9-9D1F-F1BF1EE76884}"
EndProject
Project("{FAE04EC0-301F-11D3-BF4B-00C04F79EFBC}") = "ArticleCRUD", "API\microservice\ArticleCRUD\ArticleCRUD.csproj", "{D45923DE-57A4-456C-8103-4C5F26A731FB}"
EndProject
Global
	GlobalSection(SolutionConfigurationPlatforms) = preSolution
		Debug|Any CPU = Debug|Any CPU
		Release|Any CPU = Release|Any CPU
	EndGlobalSection
	GlobalSection(ProjectConfigurationPlatforms) = postSolution
		{02DE636A-41BE-4E17-8F51-C3B2980C7FEE}.Debug|Any CPU.ActiveCfg = Debug|Any CPU
		{02DE636A-41BE-4E17-8F51-C3B2980C7FEE}.Debug|Any CPU.Build.0 = Debug|Any CPU
		{02DE636A-41BE-4E17-8F51-C3B2980C7FEE}.Release|Any CPU.ActiveCfg = Release|Any CPU
		{02DE636A-41BE-4E17-8F51-C3B2980C7FEE}.Release|Any CPU.Build.0 = Release|Any CPU
		{D21566CB-73C5-4962-ACF6-96E94EC4323C}.Debug|Any CPU.ActiveCfg = Debug|Any CPU
		{D21566CB-73C5-4962-ACF6-96E94EC4323C}.Debug|Any CPU.Build.0 = Debug|Any CPU
		{D21566CB-73C5-4962-ACF6-96E94EC4323C}.Release|Any CPU.ActiveCfg = Release|Any CPU
		{D21566CB-73C5-4962-ACF6-96E94EC4323C}.Release|Any CPU.Build.0 = Release|Any CPU
		{A43A77A8-30AF-4A21-A03D-6B05A1025759}.Debug|Any CPU.ActiveCfg = Debug|Any CPU
		{A43A77A8-30AF-4A21-A03D-6B05A1025759}.Debug|Any CPU.Build.0 = Debug|Any CPU
		{A43A77A8-30AF-4A21-A03D-6B05A1025759}.Release|Any CPU.ActiveCfg = Release|Any CPU
		{A43A77A8-30AF-4A21-A03D-6B05A1025759}.Release|Any CPU.Build.0 = Release|Any CPU
		{84B3A751-C410-4FEF-80A0-143E9C1979DE}.Debug|Any CPU.ActiveCfg = Debug|Any CPU
		{84B3A751-C410-4FEF-80A0-143E9C1979DE}.Debug|Any CPU.Build.0 = Debug|Any CPU
		{84B3A751-C410-4FEF-80A0-143E9C1979DE}.Release|Any CPU.ActiveCfg = Release|Any CPU
		{84B3A751-C410-4FEF-80A0-143E9C1979DE}.Release|Any CPU.Build.0 = Release|Any CPU
		{39F21243-BDEC-41A9-9D1F-F1BF1EE76884}.Debug|Any CPU.ActiveCfg = Debug|Any CPU
		{39F21243-BDEC-41A9-9D1F-F1BF1EE76884}.Debug|Any CPU.Build.0 = Debug|Any CPU
		{39F21243-BDEC-41A9-9D1F-F1BF1EE76884}.Release|Any CPU.ActiveCfg = Release|Any CPU
		{39F21243-BDEC-41A9-9D1F-F1BF1EE76884}.Release|Any CPU.Build.0 = Release|Any CPU
		{D45923DE-57A4-456C-8103-4C5F26A731FB}.Debug|Any CPU.ActiveCfg = Debug|Any CPU
		{D45923DE-57A4-456C-8103-4C5F26A731FB}.Debug|Any CPU.Build.0 = Debug|Any CPU
		{D45923DE-57A4-456C-8103-4C5F26A731FB}.Release|Any CPU.ActiveCfg = Release|Any CPU
		{D45923DE-57A4-456C-8103-4C5F26A731FB}.Release|Any CPU.Build.0 = Release|Any CPU
	EndGlobalSection
	GlobalSection(SolutionProperties) = preSolution
		HideSolutionNode = FALSE
	EndGlobalSection
	GlobalSection(NestedProjects) = preSolution
		{9172A907-611E-4FFB-9383-9696E0A049DB} = {6E0D3E7A-8663-4631-BD33-7A29AA6844DF}
		{84B3A751-C410-4FEF-80A0-143E9C1979DE} = {9172A907-611E-4FFB-9383-9696E0A049DB}
		{149B289C-25FE-4C35-AF12-DE66DC77E1D6} = {6E0D3E7A-8663-4631-BD33-7A29AA6844DF}
		{39F21243-BDEC-41A9-9D1F-F1BF1EE76884} = {149B289C-25FE-4C35-AF12-DE66DC77E1D6}
		{D45923DE-57A4-456C-8103-4C5F26A731FB} = {9172A907-611E-4FFB-9383-9696E0A049DB}
	EndGlobalSection
	GlobalSection(ExtensibilityGlobals) = postSolution
		SolutionGuid = {320DB6F9-3B18-419D-A499-FEBAF3EC8C17}
	EndGlobalSection
EndGlobal
